{
  "name": "operadores",
  "version": "1.0.0",
  "lockfileVersion": 3,
  "requires": true,
  "packages": {
    "": {
      "name": "operadores",
      "version": "1.0.0",
      "license": "ISC",
      "dependencies": {
        "read": "^5.0.1",
        "readline-sync": "^1.4.10"
      }
    },
    "node_modules/mute-stream": {
      "version": "3.0.0",
      "resolved": "https://registry.npmjs.org/mute-stream/-/mute-stream-3.0.0.tgz",
      "integrity": "sha512-dkEJPVvun4FryqBmZ5KhDo0K9iDXAwn08tMLDinNdRBNPcYEDiWYysLcc6k3mjTMlbP9KyylvRpd4wFtwrT9rw==",
      "license": "ISC",
      "engines": {
        "node": "^20.17.0 || >=22.9.0"
      }
    },
    "node_modules/read": {
      "version": "5.0.1",
      "resolved": "https://registry.npmjs.org/read/-/read-5.0.1.tgz",
      "integrity": "sha512-+nsqpqYkkpet2UVPG8ZiuE8d113DK4vHYEoEhcrXBAlPiq6di7QRTuNiKQAbaRYegobuX2BpZ6QjanKOXnJdTA==",
      "license": "ISC",
      "dependencies": {
        "mute-stream": "^3.0.0"
      },
      "engines": {
        "node": "^20.17.0 || >=22.9.0"
      }
    },
    "node_modules/readline-sync": {
      "version": "1.4.10",
      "resolved": "https://registry.npmjs.org/readline-sync/-/readline-sync-1.4.10.tgz",
      "integrity": "sha512-gNva8/6UAe8QYepIQH/jQ2qn91Qj0B9sYjMBBs3QOB8F2CXcKgLxQaJRP76sWVRQt+QU+8fAkCbCvjjMFu7Ycw==",
      "license": "MIT",
      "engines": {
        "node": ">= 0.8.0"
      }
    }
  }
}
